{
  "name": "coba-mikir",
  "version": "1.0.0",
  "lockfileVersion": 3,
  "requires": true,
  "packages": {
    "": {
      "name": "coba-mikir",
      "version": "1.0.0",
      "license": "ISC",
      "dependencies": {
        "mikir": "^1.0.1"
      }
    },
    "node_modules/mikir": {
      "version": "1.0.1",
      "resolved": "https://registry.npmjs.org/mikir/-/mikir-1.0.1.tgz",
      "integrity": "sha512-YJYN6jgs7WRJSt1FYNTJ0NphBlElfc652yuHjvgfISUs+4sxeOInSUWdTuHN0pYYQhUx8qVtwf1Tyn/OdD6fmw=="
    }
  }
}
